
Microsoft Visual Studio Solution File, Format Version 12.00
Project("{FAE04EC0-301F-11D3-BF4B-00C04F79EFBC}") = "DAL", "DAL\DAL.csproj", "{F4036DB4-368D-44FD-9E22-B63AEFC1BE37}"
EndProject
Project("{FAE04EC0-301F-11D3-BF4B-00C04F79EFBC}") = "Common", "Common\Common.csproj", "{A4F87757-543B-4054-BD17-FBDE39F4E702}"
EndProject
Project("{FAE04EC0-301F-11D3-BF4B-00C04F79EFBC}") = "BLL", "BLL\BLL.csproj", "{18E0EDB4-D41C-4747-B607-25448F1F9E7C}"
EndProject
Project("{FAE04EC0-301F-11D3-BF4B-00C04F79EFBC}") = "JoyFusion", "JoyFusion\JoyFusion.csproj", "{864475A8-E46F-42F2-BF05-229C69C4564D}"
EndProject
Project("{FAE04EC0-301F-11D3-BF4B-00C04F79EFBC}") = "JoyFusionAPI", "JoyFusionAPI\JoyFusionAPI.csproj", "{EFFB9FBE-2553-4000-AC02-2EFA07835334}"
EndProject
Project("{FAE04EC0-301F-11D3-BF4B-00C04F79EFBC}") = "CCL", "CCL\CCL.csproj", "{7A66E598-C7D2-4E4F-A549-10930379EEAF}"
EndProject
Global
	GlobalSection(SolutionConfigurationPlatforms) = preSolution
		Debug|Any CPU = Debug|Any CPU
		Release|Any CPU = Release|Any CPU
	EndGlobalSection
	GlobalSection(ProjectConfigurationPlatforms) = postSolution
		{F4036DB4-368D-44FD-9E22-B63AEFC1BE37}.Debug|Any CPU.ActiveCfg = Debug|Any CPU
		{F4036DB4-368D-44FD-9E22-B63AEFC1BE37}.Debug|Any CPU.Build.0 = Debug|Any CPU
		{F4036DB4-368D-44FD-9E22-B63AEFC1BE37}.Release|Any CPU.ActiveCfg = Release|Any CPU
		{F4036DB4-368D-44FD-9E22-B63AEFC1BE37}.Release|Any CPU.Build.0 = Release|Any CPU
		{A4F87757-543B-4054-BD17-FBDE39F4E702}.Debug|Any CPU.ActiveCfg = Debug|Any CPU
		{A4F87757-543B-4054-BD17-FBDE39F4E702}.Debug|Any CPU.Build.0 = Debug|Any CPU
		{A4F87757-543B-4054-BD17-FBDE39F4E702}.Release|Any CPU.ActiveCfg = Release|Any CPU
		{A4F87757-543B-4054-BD17-FBDE39F4E702}.Release|Any CPU.Build.0 = Release|Any CPU
		{18E0EDB4-D41C-4747-B607-25448F1F9E7C}.Debug|Any CPU.ActiveCfg = Debug|Any CPU
		{18E0EDB4-D41C-4747-B607-25448F1F9E7C}.Debug|Any CPU.Build.0 = Debug|Any CPU
		{18E0EDB4-D41C-4747-B607-25448F1F9E7C}.Release|Any CPU.ActiveCfg = Release|Any CPU
		{18E0EDB4-D41C-4747-B607-25448F1F9E7C}.Release|Any CPU.Build.0 = Release|Any CPU
		{864475A8-E46F-42F2-BF05-229C69C4564D}.Debug|Any CPU.ActiveCfg = Debug|Any CPU
		{864475A8-E46F-42F2-BF05-229C69C4564D}.Debug|Any CPU.Build.0 = Debug|Any CPU
		{864475A8-E46F-42F2-BF05-229C69C4564D}.Release|Any CPU.ActiveCfg = Release|Any CPU
		{864475A8-E46F-42F2-BF05-229C69C4564D}.Release|Any CPU.Build.0 = Release|Any CPU
		{EFFB9FBE-2553-4000-AC02-2EFA07835334}.Debug|Any CPU.ActiveCfg = Debug|Any CPU
		{EFFB9FBE-2553-4000-AC02-2EFA07835334}.Debug|Any CPU.Build.0 = Debug|Any CPU
		{EFFB9FBE-2553-4000-AC02-2EFA07835334}.Release|Any CPU.ActiveCfg = Release|Any CPU
		{EFFB9FBE-2553-4000-AC02-2EFA07835334}.Release|Any CPU.Build.0 = Release|Any CPU
		{7A66E598-C7D2-4E4F-A549-10930379EEAF}.Debug|Any CPU.ActiveCfg = Debug|Any CPU
		{7A66E598-C7D2-4E4F-A549-10930379EEAF}.Debug|Any CPU.Build.0 = Debug|Any CPU
		{7A66E598-C7D2-4E4F-A549-10930379EEAF}.Release|Any CPU.ActiveCfg = Release|Any CPU
		{7A66E598-C7D2-4E4F-A549-10930379EEAF}.Release|Any CPU.Build.0 = Release|Any CPU
	EndGlobalSection
EndGlobal
